
Microsoft Visual Studio Solution File, Format Version 12.00
# Visual Studio Version 17
VisualStudioVersion = 17.1.32210.238
MinimumVisualStudioVersion = 10.0.40219.1
Project("{FAE04EC0-301F-11D3-BF4B-00C04F79EFBC}") = "TestCase", "TestCase\TestCase.csproj", "{DE6D221A-FC5D-4373-A413-615F7B43F67D}"
EndProject
Project("{FAE04EC0-301F-11D3-BF4B-00C04F79EFBC}") = "TestProject1", "TestProject1\TestProject1.csproj", "{5A510F51-8746-4F24-954A-9578E4EB6B40}"
EndProject
Global
	GlobalSection(SolutionConfigurationPlatforms) = preSolution
		Debug|Any CPU = Debug|Any CPU
		Release|Any CPU = Release|Any CPU
	EndGlobalSection
	GlobalSection(ProjectConfigurationPlatforms) = postSolution
		{DE6D221A-FC5D-4373-A413-615F7B43F67D}.Debug|Any CPU.ActiveCfg = Debug|Any CPU
		{DE6D221A-FC5D-4373-A413-615F7B43F67D}.Debug|Any CPU.Build.0 = Debug|Any CPU
		{DE6D221A-FC5D-4373-A413-615F7B43F67D}.Release|Any CPU.ActiveCfg = Release|Any CPU
		{DE6D221A-FC5D-4373-A413-615F7B43F67D}.Release|Any CPU.Build.0 = Release|Any CPU
		{5A510F51-8746-4F24-954A-9578E4EB6B40}.Debug|Any CPU.ActiveCfg = Debug|Any CPU
		{5A510F51-8746-4F24-954A-9578E4EB6B40}.Debug|Any CPU.Build.0 = Debug|Any CPU
		{5A510F51-8746-4F24-954A-9578E4EB6B40}.Release|Any CPU.ActiveCfg = Release|Any CPU
		{5A510F51-8746-4F24-954A-9578E4EB6B40}.Release|Any CPU.Build.0 = Release|Any CPU
	EndGlobalSection
	GlobalSection(SolutionProperties) = preSolution
		HideSolutionNode = FALSE
	EndGlobalSection
	GlobalSection(ExtensibilityGlobals) = postSolution
		SolutionGuid = {31769D7B-4E23-4EFA-84C5-3B2E6CB58212}
	EndGlobalSection
EndGlobal
